// !$*UTF8*$!
{
	archiveVersion = 1;
	classes = {
	};
	objectVersion = 50;
	objects = {

/* Begin PBXBuildFile section */
		7C161B0B27FC8CAA0069D514 /* ViewControllerScrollView.swift in Sources */ = {isa = PBXBuildFile; fileRef = 7C161B0A27FC8CAA0069D514 /* ViewControllerScrollView.swift */; };
		7C161B0D27FC8CB70069D514 /* ViewControllerTableView.swift in Sources */ = {isa = PBXBuildFile; fileRef = 7C161B0C27FC8CB70069D514 /* ViewControllerTableView.swift */; };
		7C161B18280278BF0069D514 /* home_selected.png in Resources */ = {isa = PBXBuildFile; fileRef = 7C161B16280278BF0069D514 /* home_selected.png */; };
		7C161B19280278BF0069D514 /* home.png in Resources */ = {isa = PBXBuildFile; fileRef = 7C161B17280278BF0069D514 /* home.png */; };
		7C161B1B280282DB0069D514 /* ViewControllerTableViewCustom.swift in Sources */ = {isa = PBXBuildFile; fileRef = 7C161B1A280282DB0069D514 /* ViewControllerTableViewCustom.swift */; };
		7C161B22280307CB0069D514 /* TableViewProCell.swift in Sources */ = {isa = PBXBuildFile; fileRef = 7C161B20280307CB0069D514 /* TableViewProCell.swift */; };
		7C161B23280307CB0069D514 /* TableViewProCell.xib in Resources */ = {isa = PBXBuildFile; fileRef = 7C161B21280307CB0069D514 /* TableViewProCell.xib */; };
		7C161B25280327F50069D514 /* ViewControllerTableViewIndex.swift in Sources */ = {isa = PBXBuildFile; fileRef = 7C161B24280327F50069D514 /* ViewControllerTableViewIndex.swift */; };
		7C161B2728047FDD0069D514 /* ViewControllerCollectionView.swift in Sources */ = {isa = PBXBuildFile; fileRef = 7C161B2628047FDD0069D514 /* ViewControllerCollectionView.swift */; };
		7C161B292805C9270069D514 /* WaterFallLayout.swift in Sources */ = {isa = PBXBuildFile; fileRef = 7C161B282805C9270069D514 /* WaterFallLayout.swift */; };
		7C161B2B2807095D0069D514 /* ViewControllerAnimation.swift in Sources */ = {isa = PBXBuildFile; fileRef = 7C161B2A2807095D0069D514 /* ViewControllerAnimation.swift */; };
		7C161B2D280868DC0069D514 /* animation.gif in Resources */ = {isa = PBXBuildFile; fileRef = 7C161B2C280868DC0069D514 /* animation.gif */; };
		7C161B2F2809AD320069D514 /* ViewControllerCALayer.swift in Sources */ = {isa = PBXBuildFile; fileRef = 7C161B2E2809AD320069D514 /* ViewControllerCALayer.swift */; };
		7C161B31280D90EE0069D514 /* ViewControllerAutoLayout.swift in Sources */ = {isa = PBXBuildFile; fileRef = 7C161B30280D90EE0069D514 /* ViewControllerAutoLayout.swift */; };
		7C161B58280DA05A0069D514 /* ConstraintMultiplierTarget.swift in Sources */ = {isa = PBXBuildFile; fileRef = 7C161B33280DA05A0069D514 /* ConstraintMultiplierTarget.swift */; };
		7C161B59280DA05A0069D514 /* LayoutConstraintItem.swift in Sources */ = {isa = PBXBuildFile; fileRef = 7C161B34280DA05A0069D514 /* LayoutConstraintItem.swift */; };
		7C161B5A280DA05A0069D514 /* ConstraintMakerPrioritizable.swift in Sources */ = {isa = PBXBuildFile; fileRef = 7C161B35280DA05A0069D514 /* ConstraintMakerPrioritizable.swift */; };
		7C161B5B280DA05A0069D514 /* ConstraintDescription.swift in Sources */ = {isa = PBXBuildFile; fileRef = 7C161B36280DA05A0069D514 /* ConstraintDescription.swift */; };
		7C161B5C280DA05A0069D514 /* ConstraintAttributes.swift in Sources */ = {isa = PBXBuildFile; fileRef = 7C161B37280DA05A0069D514 /* ConstraintAttributes.swift */; };
		7C161B5D280DA05A0069D514 /* ConstraintViewDSL.swift in Sources */ = {isa = PBXBuildFile; fileRef = 7C161B38280DA05A0069D514 /* ConstraintViewDSL.swift */; };
		7C161B5E280DA05A0069D514 /* ConstraintPriorityTarget.swift in Sources */ = {isa = PBXBuildFile; fileRef = 7C161B39280DA05A0069D514 /* ConstraintPriorityTarget.swift */; };
		7C161B5F280DA05A0069D514 /* ConstraintInsets.swift in Sources */ = {isa = PBXBuildFile; fileRef = 7C161B3A280DA05A0069D514 /* ConstraintInsets.swift */; };
		7C161B60280DA05A0069D514 /* ConstraintMakerFinalizable.swift in Sources */ = {isa = PBXBuildFile; fileRef = 7C161B3B280DA05A0069D514 /* ConstraintMakerFinalizable.swift */; };
		7C161B61280DA05A0069D514 /* ConstraintDSL.swift in Sources */ = {isa = PBXBuildFile; fileRef = 7C161B3C280DA05A0069D514 /* ConstraintDSL.swift */; };
		7C161B62280DA05A0069D514 /* ConstraintMakerExtendable.swift in Sources */ = {isa = PBXBuildFile; fileRef = 7C161B3D280DA05A0069D514 /* ConstraintMakerExtendable.swift */; };
		7C161B63280DA05A0069D514 /* ConstraintPriority.swift in Sources */ = {isa = PBXBuildFile; fileRef = 7C161B3E280DA05A0069D514 /* ConstraintPriority.swift */; };
		7C161B64280DA05A0069D514 /* ConstraintInsetTarget.swift in Sources */ = {isa = PBXBuildFile; fileRef = 7C161B3F280DA05A0069D514 /* ConstraintInsetTarget.swift */; };
		7C161B65280DA05A0069D514 /* ConstraintDirectionalInsetTarget.swift in Sources */ = {isa = PBXBuildFile; fileRef = 7C161B40280DA05A0069D514 /* ConstraintDirectionalInsetTarget.swift */; };
		7C161B66280DA05A0069D514 /* ConstraintMakerRelatable+Extensions.swift in Sources */ = {isa = PBXBuildFile; fileRef = 7C161B41280DA05A0069D514 /* ConstraintMakerRelatable+Extensions.swift */; };
		7C161B67280DA05A0069D514 /* ConstraintConfig.swift in Sources */ = {isa = PBXBuildFile; fileRef = 7C161B42280DA05A0069D514 /* ConstraintConfig.swift */; };
		7C161B68280DA05A0069D514 /* UILayoutSupport+Extensions.swift in Sources */ = {isa = PBXBuildFile; fileRef = 7C161B43280DA05A0069D514 /* UILayoutSupport+Extensions.swift */; };
		7C161B69280DA05A0069D514 /* ConstraintView.swift in Sources */ = {isa = PBXBuildFile; fileRef = 7C161B44280DA05A0069D514 /* ConstraintView.swift */; };
		7C161B6A280DA05A0069D514 /* ConstraintLayoutGuide.swift in Sources */ = {isa = PBXBuildFile; fileRef = 7C161B45280DA05A0069D514 /* ConstraintLayoutGuide.swift */; };
		7C161B6B280DA05A0069D514 /* ConstraintLayoutSupport.swift in Sources */ = {isa = PBXBuildFile; fileRef = 7C161B46280DA05A0069D514 /* ConstraintLayoutSupport.swift */; };
		7C161B6C280DA05A0069D514 /* Typealiases.swift in Sources */ = {isa = PBXBuildFile; fileRef = 7C161B47280DA05A0069D514 /* Typealiases.swift */; };
		7C161B6D280DA05A0069D514 /* ConstraintConstantTarget.swift in Sources */ = {isa = PBXBuildFile; fileRef = 7C161B48280DA05A0069D514 /* ConstraintConstantTarget.swift */; };
		7C161B6E280DA05A0069D514 /* ConstraintOffsetTarget.swift in Sources */ = {isa = PBXBuildFile; fileRef = 7C161B49280DA05A0069D514 /* ConstraintOffsetTarget.swift */; };
		7C161B6F280DA05A0069D514 /* ConstraintMakerEditable.swift in Sources */ = {isa = PBXBuildFile; fileRef = 7C161B4A280DA05A0069D514 /* ConstraintMakerEditable.swift */; };
		7C161B70280DA05A0069D514 /* ConstraintMaker.swift in Sources */ = {isa = PBXBuildFile; fileRef = 7C161B4B280DA05A0069D514 /* ConstraintMaker.swift */; };
		7C161B71280DA05A0069D514 /* ConstraintRelation.swift in Sources */ = {isa = PBXBuildFile; fileRef = 7C161B4C280DA05A0069D514 /* ConstraintRelation.swift */; };
		7C161B72280DA05A0069D514 /* ConstraintLayoutGuideDSL.swift in Sources */ = {isa = PBXBuildFile; fileRef = 7C161B4D280DA05A0069D514 /* ConstraintLayoutGuideDSL.swift */; };
		7C161B73280DA05A0069D514 /* ConstraintView+Extensions.swift in Sources */ = {isa = PBXBuildFile; fileRef = 7C161B4E280DA05A0069D514 /* ConstraintView+Extensions.swift */; };
		7C161B74280DA05A0069D514 /* ConstraintItem.swift in Sources */ = {isa = PBXBuildFile; fileRef = 7C161B4F280DA05A0069D514 /* ConstraintItem.swift */; };
		7C161B75280DA05A0069D514 /* Constraint.swift in Sources */ = {isa = PBXBuildFile; fileRef = 7C161B50280DA05A0069D514 /* Constraint.swift */; };
		7C161B76280DA05A0069D514 /* Debugging.swift in Sources */ = {isa = PBXBuildFile; fileRef = 7C161B51280DA05A0069D514 /* Debugging.swift */; };
		7C161B77280DA05A0069D514 /* ConstraintRelatableTarget.swift in Sources */ = {isa = PBXBuildFile; fileRef = 7C161B52280DA05A0069D514 /* ConstraintRelatableTarget.swift */; };
		7C161B78280DA05A0069D514 /* LayoutConstraint.swift in Sources */ = {isa = PBXBuildFile; fileRef = 7C161B53280DA05A0069D514 /* LayoutConstraint.swift */; };
		7C161B79280DA05A0069D514 /* ConstraintLayoutGuide+Extensions.swift in Sources */ = {isa = PBXBuildFile; fileRef = 7C161B54280DA05A0069D514 /* ConstraintLayoutGuide+Extensions.swift */; };
		7C161B7A280DA05A0069D514 /* ConstraintDirectionalInsets.swift in Sources */ = {isa = PBXBuildFile; fileRef = 7C161B55280DA05A0069D514 /* ConstraintDirectionalInsets.swift */; };
		7C161B7B280DA05A0069D514 /* ConstraintLayoutSupportDSL.swift in Sources */ = {isa = PBXBuildFile; fileRef = 7C161B56280DA05A0069D514 /* ConstraintLayoutSupportDSL.swift */; };
		7C161B7C280DA05A0069D514 /* ConstraintMakerRelatable.swift in Sources */ = {isa = PBXBuildFile; fileRef = 7C161B57280DA05A0069D514 /* ConstraintMakerRelatable.swift */; };
		7CBF544D27FB253C0050647D /* AppDelegate.swift in Sources */ = {isa = PBXBuildFile; fileRef = 7CBF544C27FB253C0050647D /* AppDelegate.swift */; };
		7CBF544F27FB253C0050647D /* SceneDelegate.swift in Sources */ = {isa = PBXBuildFile; fileRef = 7CBF544E27FB253C0050647D /* SceneDelegate.swift */; };
		7CBF545127FB253C0050647D /* ViewController.swift in Sources */ = {isa = PBXBuildFile; fileRef = 7CBF545027FB253C0050647D /* ViewController.swift */; };
		7CBF545427FB253C0050647D /* Main.storyboard in Resources */ = {isa = PBXBuildFile; fileRef = 7CBF545227FB253C0050647D /* Main.storyboard */; };
		7CBF545627FB253D0050647D /* Assets.xcassets in Resources */ = {isa = PBXBuildFile; fileRef = 7CBF545527FB253D0050647D /* Assets.xcassets */; };
		7CBF545927FB253D0050647D /* LaunchScreen.storyboard in Resources */ = {isa = PBXBuildFile; fileRef = 7CBF545727FB253D0050647D /* LaunchScreen.storyboard */; };
		7CBF546127FB29F80050647D /* ViewControllerOne.swift in Sources */ = {isa = PBXBuildFile; fileRef = 7CBF546027FB29F80050647D /* ViewControllerOne.swift */; };
		7CBF546327FB2A0A0050647D /* ViewControllerTwo.swift in Sources */ = {isa = PBXBuildFile; fileRef = 7CBF546227FB2A0A0050647D /* ViewControllerTwo.swift */; };
		7CBF546527FB2A140050647D /* ViewControllerThree.swift in Sources */ = {isa = PBXBuildFile; fileRef = 7CBF546427FB2A140050647D /* ViewControllerThree.swift */; };
		7CBF546727FB2A200050647D /* ViewControllerFour.swift in Sources */ = {isa = PBXBuildFile; fileRef = 7CBF546627FB2A200050647D /* ViewControllerFour.swift */; };
/* End PBXBuildFile section */

/* Begin PBXFileReference section */
		7C161B0A27FC8CAA0069D514 /* ViewControllerScrollView.swift */ = {isa = PBXFileReference; lastKnownFileType = sourcecode.swift; path = ViewControllerScrollView.swift; sourceTree = "<group>"; };
		7C161B0C27FC8CB70069D514 /* ViewControllerTableView.swift */ = {isa = PBXFileReference; lastKnownFileType = sourcecode.swift; path = ViewControllerTableView.swift; sourceTree = "<group>"; };
		7C161B16280278BF0069D514 /* home_selected.png */ = {isa = PBXFileReference; lastKnownFileType = image.png; name = home_selected.png; path = ../../../../../../../Downloads/home_selected.png; sourceTree = "<group>"; };
		7C161B17280278BF0069D514 /* home.png */ = {isa = PBXFileReference; lastKnownFileType = image.png; path = home.png; sourceTree = "<group>"; };
		7C161B1A280282DB0069D514 /* ViewControllerTableViewCustom.swift */ = {isa = PBXFileReference; lastKnownFileType = sourcecode.swift; path = ViewControllerTableViewCustom.swift; sourceTree = "<group>"; };
		7C161B20280307CB0069D514 /* TableViewProCell.swift */ = {isa = PBXFileReference; lastKnownFileType = sourcecode.swift; path = TableViewProCell.swift; sourceTree = "<group>"; };
		7C161B21280307CB0069D514 /* TableViewProCell.xib */ = {isa = PBXFileReference; lastKnownFileType = file.xib; path = TableViewProCell.xib; sourceTree = "<group>"; };
		7C161B24280327F50069D514 /* ViewControllerTableViewIndex.swift */ = {isa = PBXFileReference; lastKnownFileType = sourcecode.swift; path = ViewControllerTableViewIndex.swift; sourceTree = "<group>"; };
		7C161B2628047FDD0069D514 /* ViewControllerCollectionView.swift */ = {isa = PBXFileReference; lastKnownFileType = sourcecode.swift; path = ViewControllerCollectionView.swift; sourceTree = "<group>"; };
		7C161B282805C9270069D514 /* WaterFallLayout.swift */ = {isa = PBXFileReference; lastKnownFileType = sourcecode.swift; path = WaterFallLayout.swift; sourceTree = "<group>"; };
		7C161B2A2807095D0069D514 /* ViewControllerAnimation.swift */ = {isa = PBXFileReference; lastKnownFileType = sourcecode.swift; path = ViewControllerAnimation.swift; sourceTree = "<group>"; };
		7C161B2C280868DC0069D514 /* animation.gif */ = {isa = PBXFileReference; lastKnownFileType = image.gif; path = animation.gif; sourceTree = "<group>"; };
		7C161B2E2809AD320069D514 /* ViewControllerCALayer.swift */ = {isa = PBXFileReference; lastKnownFileType = sourcecode.swift; path = ViewControllerCALayer.swift; sourceTree = "<group>"; };
		7C161B30280D90EE0069D514 /* ViewControllerAutoLayout.swift */ = {isa = PBXFileReference; lastKnownFileType = sourcecode.swift; path = ViewControllerAutoLayout.swift; sourceTree = "<group>"; };
		7C161B33280DA05A0069D514 /* ConstraintMultiplierTarget.swift */ = {isa = PBXFileReference; fileEncoding = 4; lastKnownFileType = sourcecode.swift; path = ConstraintMultiplierTarget.swift; sourceTree = "<group>"; };
		7C161B34280DA05A0069D514 /* LayoutConstraintItem.swift */ = {isa = PBXFileReference; fileEncoding = 4; lastKnownFileType = sourcecode.swift; path = LayoutConstraintItem.swift; sourceTree = "<group>"; };
		7C161B35280DA05A0069D514 /* ConstraintMakerPrioritizable.swift */ = {isa = PBXFileReference; fileEncoding = 4; lastKnownFileType = sourcecode.swift; path = ConstraintMakerPrioritizable.swift; sourceTree = "<group>"; };
		7C161B36280DA05A0069D514 /* ConstraintDescription.swift */ = {isa = PBXFileReference; fileEncoding = 4; lastKnownFileType = sourcecode.swift; path = ConstraintDescription.swift; sourceTree = "<group>"; };
		7C161B37280DA05A0069D514 /* ConstraintAttributes.swift */ = {isa = PBXFileReference; fileEncoding = 4; lastKnownFileType = sourcecode.swift; path = ConstraintAttributes.swift; sourceTree = "<group>"; };
		7C161B38280DA05A0069D514 /* ConstraintViewDSL.swift */ = {isa = PBXFileReference; fileEncoding = 4; lastKnownFileType = sourcecode.swift; path = ConstraintViewDSL.swift; sourceTree = "<group>"; };
		7C161B39280DA05A0069D514 /* ConstraintPriorityTarget.swift */ = {isa = PBXFileReference; fileEncoding = 4; lastKnownFileType = sourcecode.swift; path = ConstraintPriorityTarget.swift; sourceTree = "<group>"; };
		7C161B3A280DA05A0069D514 /* ConstraintInsets.swift */ = {isa = PBXFileReference; fileEncoding = 4; lastKnownFileType = sourcecode.swift; path = ConstraintInsets.swift; sourceTree = "<group>"; };
		7C161B3B280DA05A0069D514 /* ConstraintMakerFinalizable.swift */ = {isa = PBXFileReference; fileEncoding = 4; lastKnownFileType = sourcecode.swift; path = ConstraintMakerFinalizable.swift; sourceTree = "<group>"; };
		7C161B3C280DA05A0069D514 /* ConstraintDSL.swift */ = {isa = PBXFileReference; fileEncoding = 4; lastKnownFileType = sourcecode.swift; path = ConstraintDSL.swift; sourceTree = "<group>"; };
		7C161B3D280DA05A0069D514 /* ConstraintMakerExtendable.swift */ = {isa = PBXFileReference; fileEncoding = 4; lastKnownFileType = sourcecode.swift; path = ConstraintMakerExtendable.swift; sourceTree = "<group>"; };
		7C161B3E280DA05A0069D514 /* ConstraintPriority.swift */ = {isa = PBXFileReference; fileEncoding = 4; lastKnownFileType = sourcecode.swift; path = ConstraintPriority.swift; sourceTree = "<group>"; };
		7C161B3F280DA05A0069D514 /* ConstraintInsetTarget.swift */ = {isa = PBXFileReference; fileEncoding = 4; lastKnownFileType = sourcecode.swift; path = ConstraintInsetTarget.swift; sourceTree = "<group>"; };
		7C161B40280DA05A0069D514 /* ConstraintDirectionalInsetTarget.swift */ = {isa = PBXFileReference; fileEncoding = 4; lastKnownFileType = sourcecode.swift; path = ConstraintDirectionalInsetTarget.swift; sourceTree = "<group>"; };
		7C161B41280DA05A0069D514 /* ConstraintMakerRelatable+Extensions.swift */ = {isa = PBXFileReference; fileEncoding = 4; lastKnownFileType = sourcecode.swift; path = "ConstraintMakerRelatable+Extensions.swift"; sourceTree = "<group>"; };
		7C161B42280DA05A0069D514 /* ConstraintConfig.swift */ = {isa = PBXFileReference; fileEncoding = 4; lastKnownFileType = sourcecode.swift; path = ConstraintConfig.swift; sourceTree = "<group>"; };
		7C161B43280DA05A0069D514 /* UILayoutSupport+Extensions.swift */ = {isa = PBXFileReference; fileEncoding = 4; lastKnownFileType = sourcecode.swift; path = "UILayoutSupport+Extensions.swift"; sourceTree = "<group>"; };
		7C161B44280DA05A0069D514 /* ConstraintView.swift */ = {isa = PBXFileReference; fileEncoding = 4; lastKnownFileType = sourcecode.swift; path = ConstraintView.swift; sourceTree = "<group>"; };
		7C161B45280DA05A0069D514 /* ConstraintLayoutGuide.swift */ = {isa = PBXFileReference; fileEncoding = 4; lastKnownFileType = sourcecode.swift; path = ConstraintLayoutGuide.swift; sourceTree = "<group>"; };
		7C161B46280DA05A0069D514 /* ConstraintLayoutSupport.swift */ = {isa = PBXFileReference; fileEncoding = 4; lastKnownFileType = sourcecode.swift; path = ConstraintLayoutSupport.swift; sourceTree = "<group>"; };
		7C161B47280DA05A0069D514 /* Typealiases.swift */ = {isa = PBXFileReference; fileEncoding = 4; lastKnownFileType = sourcecode.swift; path = Typealiases.swift; sourceTree = "<group>"; };
		7C161B48280DA05A0069D514 /* ConstraintConstantTarget.swift */ = {isa = PBXFileReference; fileEncoding = 4; lastKnownFileType = sourcecode.swift; path = ConstraintConstantTarget.swift; sourceTree = "<group>"; };
		7C161B49280DA05A0069D514 /* ConstraintOffsetTarget.swift */ = {isa = PBXFileReference; fileEncoding = 4; lastKnownFileType = sourcecode.swift; path = ConstraintOffsetTarget.swift; sourceTree = "<group>"; };
		7C161B4A280DA05A0069D514 /* ConstraintMakerEditable.swift */ = {isa = PBXFileReference; fileEncoding = 4; lastKnownFileType = sourcecode.swift; path = ConstraintMakerEditable.swift; sourceTree = "<group>"; };
		7C161B4B280DA05A0069D514 /* ConstraintMaker.swift */ = {isa = PBXFileReference; fileEncoding = 4; lastKnownFileType = sourcecode.swift; path = ConstraintMaker.swift; sourceTree = "<group>"; };
		7C161B4C280DA05A0069D514 /* ConstraintRelation.swift */ = {isa = PBXFileReference; fileEncoding = 4; lastKnownFileType = sourcecode.swift; path = ConstraintRelation.swift; sourceTree = "<group>"; };
		7C161B4D280DA05A0069D514 /* ConstraintLayoutGuideDSL.swift */ = {isa = PBXFileReference; fileEncoding = 4; lastKnownFileType = sourcecode.swift; path = ConstraintLayoutGuideDSL.swift; sourceTree = "<group>"; };
		7C161B4E280DA05A0069D514 /* ConstraintView+Extensions.swift */ = {isa = PBXFileReference; fileEncoding = 4; lastKnownFileType = sourcecode.swift; path = "ConstraintView+Extensions.swift"; sourceTree = "<group>"; };
		7C161B4F280DA05A0069D514 /* ConstraintItem.swift */ = {isa = PBXFileReference; fileEncoding = 4; lastKnownFileType = sourcecode.swift; path = ConstraintItem.swift; sourceTree = "<group>"; };
		7C161B50280DA05A0069D514 /* Constraint.swift */ = {isa = PBXFileReference; fileEncoding = 4; lastKnownFileType = sourcecode.swift; path = Constraint.swift; sourceTree = "<group>"; };
		7C161B51280DA05A0069D514 /* Debugging.swift */ = {isa = PBXFileReference; fileEncoding = 4; lastKnownFileType = sourcecode.swift; path = Debugging.swift; sourceTree = "<group>"; };
		7C161B52280DA05A0069D514 /* ConstraintRelatableTarget.swift */ = {isa = PBXFileReference; fileEncoding = 4; lastKnownFileType = sourcecode.swift; path = ConstraintRelatableTarget.swift; sourceTree = "<group>"; };
		7C161B53280DA05A0069D514 /* LayoutConstraint.swift */ = {isa = PBXFileReference; fileEncoding = 4; lastKnownFileType = sourcecode.swift; path = LayoutConstraint.swift; sourceTree = "<group>"; };
		7C161B54280DA05A0069D514 /* ConstraintLayoutGuide+Extensions.swift */ = {isa = PBXFileReference; fileEncoding = 4; lastKnownFileType = sourcecode.swift; path = "ConstraintLayoutGuide+Extensions.swift"; sourceTree = "<group>"; };
		7C161B55280DA05A0069D514 /* ConstraintDirectionalInsets.swift */ = {isa = PBXFileReference; fileEncoding = 4; lastKnownFileType = sourcecode.swift; path = ConstraintDirectionalInsets.swift; sourceTree = "<group>"; };
		7C161B56280DA05A0069D514 /* ConstraintLayoutSupportDSL.swift */ = {isa = PBXFileReference; fileEncoding = 4; lastKnownFileType = sourcecode.swift; path = ConstraintLayoutSupportDSL.swift; sourceTree = "<group>"; };
		7C161B57280DA05A0069D514 /* ConstraintMakerRelatable.swift */ = {isa = PBXFileReference; fileEncoding = 4; lastKnownFileType = sourcecode.swift; path = ConstraintMakerRelatable.swift; sourceTree = "<group>"; };
		7CBF544927FB253C0050647D /* UITabBarController.app */ = {isa = PBXFileReference; explicitFileType = wrapper.application; includeInIndex = 0; path = UITabBarController.app; sourceTree = BUILT_PRODUCTS_DIR; };
		7CBF544C27FB253C0050647D /* AppDelegate.swift */ = {isa = PBXFileReference; lastKnownFileType = sourcecode.swift; path = AppDelegate.swift; sourceTree = "<group>"; };
		7CBF544E27FB253C0050647D /* SceneDelegate.swift */ = {isa = PBXFileReference; lastKnownFileType = sourcecode.swift; path = SceneDelegate.swift; sourceTree = "<group>"; };
		7CBF545027FB253C0050647D /* ViewController.swift */ = {isa = PBXFileReference; lastKnownFileType = sourcecode.swift; path = ViewController.swift; sourceTree = "<group>"; };
		7CBF545327FB253C0050647D /* Base */ = {isa = PBXFileReference; lastKnownFileType = file.storyboard; name = Base; path = Base.lproj/Main.storyboard; sourceTree = "<group>"; };
		7CBF545527FB253D0050647D /* Assets.xcassets */ = {isa = PBXFileReference; lastKnownFileType = folder.assetcatalog; path = Assets.xcassets; sourceTree = "<group>"; };
		7CBF545827FB253D0050647D /* Base */ = {isa = PBXFileReference; lastKnownFileType = file.storyboard; name = Base; path = Base.lproj/LaunchScreen.storyboard; sourceTree = "<group>"; };
		7CBF545A27FB253D0050647D /* Info.plist */ = {isa = PBXFileReference; lastKnownFileType = text.plist.xml; path = Info.plist; sourceTree = "<group>"; };
		7CBF546027FB29F80050647D /* ViewControllerOne.swift */ = {isa = PBXFileReference; lastKnownFileType = sourcecode.swift; path = ViewControllerOne.swift; sourceTree = "<group>"; };
		7CBF546227FB2A0A0050647D /* ViewControllerTwo.swift */ = {isa = PBXFileReference; lastKnownFileType = sourcecode.swift; path = ViewControllerTwo.swift; sourceTree = "<group>"; };
		7CBF546427FB2A140050647D /* ViewControllerThree.swift */ = {isa = PBXFileReference; lastKnownFileType = sourcecode.swift; path = ViewControllerThree.swift; sourceTree = "<group>"; };
		7CBF546627FB2A200050647D /* ViewControllerFour.swift */ = {isa = PBXFileReference; lastKnownFileType = sourcecode.swift; path = ViewControllerFour.swift; sourceTree = "<group>"; };
/* End PBXFileReference section */

/* Begin PBXFrameworksBuildPhase section */
		7CBF544627FB253C0050647D /* Frameworks */ = {
			isa = PBXFrameworksBuildPhase;
			buildActionMask = 2147483647;
			files = (
			);
			runOnlyForDeploymentPostprocessing = 0;
		};
/* End PBXFrameworksBuildPhase section */

/* Begin PBXGroup section */
		7C161B32280DA05A0069D514 /* Sources */ = {
			isa = PBXGroup;
			children = (
				7C161B33280DA05A0069D514 /* ConstraintMultiplierTarget.swift */,
				7C161B34280DA05A0069D514 /* LayoutConstraintItem.swift */,
				7C161B35280DA05A0069D514 /* ConstraintMakerPrioritizable.swift */,
				7C161B36280DA05A0069D514 /* ConstraintDescription.swift */,
				7C161B37280DA05A0069D514 /* ConstraintAttributes.swift */,
				7C161B38280DA05A0069D514 /* ConstraintViewDSL.swift */,
				7C161B39280DA05A0069D514 /* ConstraintPriorityTarget.swift */,
				7C161B3A280DA05A0069D514 /* ConstraintInsets.swift */,
				7C161B3B280DA05A0069D514 /* ConstraintMakerFinalizable.swift */,
				7C161B3C280DA05A0069D514 /* ConstraintDSL.swift */,
				7C161B3D280DA05A0069D514 /* ConstraintMakerExtendable.swift */,
				7C161B3E280DA05A0069D514 /* ConstraintPriority.swift */,
				7C161B3F280DA05A0069D514 /* ConstraintInsetTarget.swift */,
				7C161B40280DA05A0069D514 /* ConstraintDirectionalInsetTarget.swift */,
				7C161B41280DA05A0069D514 /* ConstraintMakerRelatable+Extensions.swift */,
				7C161B42280DA05A0069D514 /* ConstraintConfig.swift */,
				7C161B43280DA05A0069D514 /* UILayoutSupport+Extensions.swift */,
				7C161B44280DA05A0069D514 /* ConstraintView.swift */,
				7C161B45280DA05A0069D514 /* ConstraintLayoutGuide.swift */,
				7C161B46280DA05A0069D514 /* ConstraintLayoutSupport.swift */,
				7C161B47280DA05A0069D514 /* Typealiases.swift */,
				7C161B48280DA05A0069D514 /* ConstraintConstantTarget.swift */,
				7C161B49280DA05A0069D514 /* ConstraintOffsetTarget.swift */,
				7C161B4A280DA05A0069D514 /* ConstraintMakerEditable.swift */,
				7C161B4B280DA05A0069D514 /* ConstraintMaker.swift */,
				7C161B4C280DA05A0069D514 /* ConstraintRelation.swift */,
				7C161B4D280DA05A0069D514 /* ConstraintLayoutGuideDSL.swift */,
				7C161B4E280DA05A0069D514 /* ConstraintView+Extensions.swift */,
				7C161B4F280DA05A0069D514 /* ConstraintItem.swift */,
				7C161B50280DA05A0069D514 /* Constraint.swift */,
				7C161B51280DA05A0069D514 /* Debugging.swift */,
				7C161B52280DA05A0069D514 /* ConstraintRelatableTarget.swift */,
				7C161B53280DA05A0069D514 /* LayoutConstraint.swift */,
				7C161B54280DA05A0069D514 /* ConstraintLayoutGuide+Extensions.swift */,
				7C161B55280DA05A0069D514 /* ConstraintDirectionalInsets.swift */,
				7C161B56280DA05A0069D514 /* ConstraintLayoutSupportDSL.swift */,
				7C161B57280DA05A0069D514 /* ConstraintMakerRelatable.swift */,
			);
			path = Sources;
			sourceTree = "<group>";
		};
		7CBF544027FB253C0050647D = {
			isa = PBXGroup;
			children = (
				7CBF544B27FB253C0050647D /* UITabBarController */,
				7CBF544A27FB253C0050647D /* Products */,
			);
			sourceTree = "<group>";
		};
		7CBF544A27FB253C0050647D /* Products */ = {
			isa = PBXGroup;
			children = (
				7CBF544927FB253C0050647D /* UITabBarController.app */,
			);
			name = Products;
			sourceTree = "<group>";
		};
		7CBF544B27FB253C0050647D /* UITabBarController */ = {
			isa = PBXGroup;
			children = (
				7CBF544C27FB253C0050647D /* AppDelegate.swift */,
				7CBF544E27FB253C0050647D /* SceneDelegate.swift */,
				7CBF545027FB253C0050647D /* ViewController.swift */,
				7CBF545227FB253C0050647D /* Main.storyboard */,
				7CBF545527FB253D0050647D /* Assets.xcassets */,
				7C161B32280DA05A0069D514 /* Sources */,
				7C161B16280278BF0069D514 /* home_selected.png */,
				7C161B17280278BF0069D514 /* home.png */,
				7CBF545727FB253D0050647D /* LaunchScreen.storyboard */,
				7C161B2C280868DC0069D514 /* animation.gif */,
				7CBF545A27FB253D0050647D /* Info.plist */,
				7CBF546027FB29F80050647D /* ViewControllerOne.swift */,
				7CBF546227FB2A0A0050647D /* ViewControllerTwo.swift */,
				7CBF546427FB2A140050647D /* ViewControllerThree.swift */,
				7CBF546627FB2A200050647D /* ViewControllerFour.swift */,
				7C161B0A27FC8CAA0069D514 /* ViewControllerScrollView.swift */,
				7C161B0C27FC8CB70069D514 /* ViewControllerTableView.swift */,
				7C161B1A280282DB0069D514 /* ViewControllerTableViewCustom.swift */,
				7C161B20280307CB0069D514 /* TableViewProCell.swift */,
				7C161B21280307CB0069D514 /* TableViewProCell.xib */,
				7C161B24280327F50069D514 /* ViewControllerTableViewIndex.swift */,
				7C161B2628047FDD0069D514 /* ViewControllerCollectionView.swift */,
				7C161B282805C9270069D514 /* WaterFallLayout.swift */,
				7C161B2A2807095D0069D514 /* ViewControllerAnimation.swift */,
				7C161B2E2809AD320069D514 /* ViewControllerCALayer.swift */,
				7C161B30280D90EE0069D514 /* ViewControllerAutoLayout.swift */,
			);
			path = UITabBarController;
			sourceTree = "<group>";
		};
/* End PBXGroup section */

/* Begin PBXNativeTarget section */
		7CBF544827FB253C0050647D /* UITabBarController */ = {
			isa = PBXNativeTarget;
			buildConfigurationList = 7CBF545D27FB253D0050647D /* Build configuration list for PBXNativeTarget "UITabBarController" */;
			buildPhases = (
				7CBF544527FB253C0050647D /* Sources */,
				7CBF544627FB253C0050647D /* Frameworks */,
				7CBF544727FB253C0050647D /* Resources */,
			);
			buildRules = (
			);
			dependencies = (
			);
			name = UITabBarController;
			productName = UITabBarController;
			productReference = 7CBF544927FB253C0050647D /* UITabBarController.app */;
			productType = "com.apple.product-type.application";
		};
/* End PBXNativeTarget section */

/* Begin PBXProject section */
		7CBF544127FB253C0050647D /* Project object */ = {
			isa = PBXProject;
			attributes = {
				LastSwiftUpdateCheck = 1140;
				LastUpgradeCheck = 1140;
				ORGANIZATIONNAME = "景彬";
				TargetAttributes = {
					7CBF544827FB253C0050647D = {
						CreatedOnToolsVersion = 11.4.1;
					};
				};
			};
			buildConfigurationList = 7CBF544427FB253C0050647D /* Build configuration list for PBXProject "UITabBarController" */;
			compatibilityVersion = "Xcode 9.3";
			developmentRegion = en;
			hasScannedForEncodings = 0;
			knownRegions = (
				en,
				Base,
			);
			mainGroup = 7CBF544027FB253C0050647D;
			productRefGroup = 7CBF544A27FB253C0050647D /* Products */;
			projectDirPath = "";
			projectRoot = "";
			targets = (
				7CBF544827FB253C0050647D /* UITabBarController */,
			);
		};
/* End PBXProject section */

/* Begin PBXResourcesBuildPhase section */
		7CBF544727FB253C0050647D /* Resources */ = {
			isa = PBXResourcesBuildPhase;
			buildActionMask = 2147483647;
			files = (
				7CBF545927FB253D0050647D /* LaunchScreen.storyboard in Resources */,
				7C161B2D280868DC0069D514 /* animation.gif in Resources */,
				7C161B23280307CB0069D514 /* TableViewProCell.xib in Resources */,
				7C161B19280278BF0069D514 /* home.png in Resources */,
				7C161B18280278BF0069D514 /* home_selected.png in Resources */,
				7CBF545627FB253D0050647D /* Assets.xcassets in Resources */,
				7CBF545427FB253C0050647D /* Main.storyboard in Resources */,
			);
			runOnlyForDeploymentPostprocessing = 0;
		};
/* End PBXResourcesBuildPhase section */

/* Begin PBXSourcesBuildPhase section */
		7CBF544527FB253C0050647D /* Sources */ = {
			isa = PBXSourcesBuildPhase;
			buildActionMask = 2147483647;
			files = (
				7C161B78280DA05A0069D514 /* LayoutConstraint.swift in Sources */,
				7C161B66280DA05A0069D514 /* ConstraintMakerRelatable+Extensions.swift in Sources */,
				7C161B292805C9270069D514 /* WaterFallLayout.swift in Sources */,
				7CBF546327FB2A0A0050647D /* ViewControllerTwo.swift in Sources */,
				7C161B61280DA05A0069D514 /* ConstraintDSL.swift in Sources */,
				7C161B71280DA05A0069D514 /* ConstraintRelation.swift in Sources */,
				7C161B75280DA05A0069D514 /* Constraint.swift in Sources */,
				7C161B73280DA05A0069D514 /* ConstraintView+Extensions.swift in Sources */,
				7C161B62280DA05A0069D514 /* ConstraintMakerExtendable.swift in Sources */,
				7C161B5A280DA05A0069D514 /* ConstraintMakerPrioritizable.swift in Sources */,
				7C161B0D27FC8CB70069D514 /* ViewControllerTableView.swift in Sources */,
				7C161B67280DA05A0069D514 /* ConstraintConfig.swift in Sources */,
				7C161B72280DA05A0069D514 /* ConstraintLayoutGuideDSL.swift in Sources */,
				7C161B79280DA05A0069D514 /* ConstraintLayoutGuide+Extensions.swift in Sources */,
				7CBF546527FB2A140050647D /* ViewControllerThree.swift in Sources */,
				7C161B5B280DA05A0069D514 /* ConstraintDescription.swift in Sources */,
				7C161B6E280DA05A0069D514 /* ConstraintOffsetTarget.swift in Sources */,
				7C161B25280327F50069D514 /* ViewControllerTableViewIndex.swift in Sources */,
				7C161B5E280DA05A0069D514 /* ConstraintPriorityTarget.swift in Sources */,
				7C161B5D280DA05A0069D514 /* ConstraintViewDSL.swift in Sources */,
				7C161B1B280282DB0069D514 /* ViewControllerTableViewCustom.swift in Sources */,
				7C161B63280DA05A0069D514 /* ConstraintPriority.swift in Sources */,
				7C161B74280DA05A0069D514 /* ConstraintItem.swift in Sources */,
				7C161B65280DA05A0069D514 /* ConstraintDirectionalInsetTarget.swift in Sources */,
				7C161B76280DA05A0069D514 /* Debugging.swift in Sources */,
				7C161B58280DA05A0069D514 /* ConstraintMultiplierTarget.swift in Sources */,
				7C161B77280DA05A0069D514 /* ConstraintRelatableTarget.swift in Sources */,
				7C161B2F2809AD320069D514 /* ViewControllerCALayer.swift in Sources */,
				7C161B68280DA05A0069D514 /* UILayoutSupport+Extensions.swift in Sources */,
				7C161B60280DA05A0069D514 /* ConstraintMakerFinalizable.swift in Sources */,
				7CBF545127FB253C0050647D /* ViewController.swift in Sources */,
				7C161B59280DA05A0069D514 /* LayoutConstraintItem.swift in Sources */,
				7C161B70280DA05A0069D514 /* ConstraintMaker.swift in Sources */,
				7C161B22280307CB0069D514 /* TableViewProCell.swift in Sources */,
				7C161B64280DA05A0069D514 /* ConstraintInsetTarget.swift in Sources */,
				7CBF544D27FB253C0050647D /* AppDelegate.swift in Sources */,
				7C161B0B27FC8CAA0069D514 /* ViewControllerScrollView.swift in Sources */,
				7C161B5C280DA05A0069D514 /* ConstraintAttributes.swift in Sources */,
				7C161B7C280DA05A0069D514 /* ConstraintMakerRelatable.swift in Sources */,
				7C161B6A280DA05A0069D514 /* ConstraintLayoutGuide.swift in Sources */,
				7C161B6B280DA05A0069D514 /* ConstraintLayoutSupport.swift in Sources */,
				7C161B5F280DA05A0069D514 /* ConstraintInsets.swift in Sources */,
				7C161B7B280DA05A0069D514 /* ConstraintLayoutSupportDSL.swift in Sources */,
				7C161B2B2807095D0069D514 /* ViewControllerAnimation.swift in Sources */,
				7C161B2728047FDD0069D514 /* ViewControllerCollectionView.swift in Sources */,
				7C161B6F280DA05A0069D514 /* ConstraintMakerEditable.swift in Sources */,
				7C161B69280DA05A0069D514 /* ConstraintView.swift in Sources */,
				7CBF544F27FB253C0050647D /* SceneDelegate.swift in Sources */,
				7CBF546727FB2A200050647D /* ViewControllerFour.swift in Sources */,
				7CBF546127FB29F80050647D /* ViewControllerOne.swift in Sources */,
				7C161B6D280DA05A0069D514 /* ConstraintConstantTarget.swift in Sources */,
				7C161B6C280DA05A0069D514 /* Typealiases.swift in Sources */,
				7C161B31280D90EE0069D514 /* ViewControllerAutoLayout.swift in Sources */,
				7C161B7A280DA05A0069D514 /* ConstraintDirectionalInsets.swift in Sources */,
			);
			runOnlyForDeploymentPostprocessing = 0;
		};
/* End PBXSourcesBuildPhase section */

/* Begin PBXVariantGroup section */
		7CBF545227FB253C0050647D /* Main.storyboard */ = {
			isa = PBXVariantGroup;
			children = (
				7CBF545327FB253C0050647D /* Base */,
			);
			name = Main.storyboard;
			sourceTree = "<group>";
		};
		7CBF545727FB253D0050647D /* LaunchScreen.storyboard */ = {
			isa = PBXVariantGroup;
			children = (
				7CBF545827FB253D0050647D /* Base */,
			);
			name = LaunchScreen.storyboard;
			sourceTree = "<group>";
		};
/* End PBXVariantGroup section */

/* Begin XCBuildConfiguration section */
		7CBF545B27FB253D0050647D /* Debug */ = {
			isa = XCBuildConfiguration;
			buildSettings = {
				ALWAYS_SEARCH_USER_PATHS = NO;
				CLANG_ANALYZER_NONNULL = YES;
				CLANG_ANALYZER_NUMBER_OBJECT_CONVERSION = YES_AGGRESSIVE;
				CLANG_CXX_LANGUAGE_STANDARD = "gnu++14";
				CLANG_CXX_LIBRARY = "libc++";
				CLANG_ENABLE_MODULES = YES;
				CLANG_ENABLE_OBJC_ARC = YES;
				CLANG_ENABLE_OBJC_WEAK = YES;
				CLANG_WARN_BLOCK_CAPTURE_AUTORELEASING = YES;
				CLANG_WARN_BOOL_CONVERSION = YES;
				CLANG_WARN_COMMA = YES;
				CLANG_WARN_CONSTANT_CONVERSION = YES;
				CLANG_WARN_DEPRECATED_OBJC_IMPLEMENTATIONS = YES;
				CLANG_WARN_DIRECT_OBJC_ISA_USAGE = YES_ERROR;
				CLANG_WARN_DOCUMENTATION_COMMENTS = YES;
				CLANG_WARN_EMPTY_BODY = YES;
				CLANG_WARN_ENUM_CONVERSION = YES;
				CLANG_WARN_INFINITE_RECURSION = YES;
				CLANG_WARN_INT_CONVERSION = YES;
				CLANG_WARN_NON_LITERAL_NULL_CONVERSION = YES;
				CLANG_WARN_OBJC_IMPLICIT_RETAIN_SELF = YES;
				CLANG_WARN_OBJC_LITERAL_CONVERSION = YES;
				CLANG_WARN_OBJC_ROOT_CLASS = YES_ERROR;
				CLANG_WARN_RANGE_LOOP_ANALYSIS = YES;
				CLANG_WARN_STRICT_PROTOTYPES = YES;
				CLANG_WARN_SUSPICIOUS_MOVE = YES;
				CLANG_WARN_UNGUARDED_AVAILABILITY = YES_AGGRESSIVE;
				CLANG_WARN_UNREACHABLE_CODE = YES;
				CLANG_WARN__DUPLICATE_METHOD_MATCH = YES;
				COPY_PHASE_STRIP = NO;
				DEBUG_INFORMATION_FORMAT = dwarf;
				ENABLE_STRICT_OBJC_MSGSEND = YES;
				ENABLE_TESTABILITY = YES;
				GCC_C_LANGUAGE_STANDARD = gnu11;
				GCC_DYNAMIC_NO_PIC = NO;
				GCC_NO_COMMON_BLOCKS = YES;
				GCC_OPTIMIZATION_LEVEL = 0;
				GCC_PREPROCESSOR_DEFINITIONS = (
					"DEBUG=1",
					"$(inherited)",
				);
				GCC_WARN_64_TO_32_BIT_CONVERSION = YES;
				GCC_WARN_ABOUT_RETURN_TYPE = YES_ERROR;
				GCC_WARN_UNDECLARED_SELECTOR = YES;
				GCC_WARN_UNINITIALIZED_AUTOS = YES_AGGRESSIVE;
				GCC_WARN_UNUSED_FUNCTION = YES;
				GCC_WARN_UNUSED_VARIABLE = YES;
				IPHONEOS_DEPLOYMENT_TARGET = 13.4;
				MTL_ENABLE_DEBUG_INFO = INCLUDE_SOURCE;
				MTL_FAST_MATH = YES;
				ONLY_ACTIVE_ARCH = YES;
				SDKROOT = iphoneos;
				SWIFT_ACTIVE_COMPILATION_CONDITIONS = DEBUG;
				SWIFT_OPTIMIZATION_LEVEL = "-Onone";
			};
			name = Debug;
		};
		7CBF545C27FB253D0050647D /* Release */ = {
			isa = XCBuildConfiguration;
			buildSettings = {
				ALWAYS_SEARCH_USER_PATHS = NO;
				CLANG_ANALYZER_NONNULL = YES;
				CLANG_ANALYZER_NUMBER_OBJECT_CONVERSION = YES_AGGRESSIVE;
				CLANG_CXX_LANGUAGE_STANDARD = "gnu++14";
				CLANG_CXX_LIBRARY = "libc++";
				CLANG_ENABLE_MODULES = YES;
				CLANG_ENABLE_OBJC_ARC = YES;
				CLANG_ENABLE_OBJC_WEAK = YES;
				CLANG_WARN_BLOCK_CAPTURE_AUTORELEASING = YES;
				CLANG_WARN_BOOL_CONVERSION = YES;
				CLANG_WARN_COMMA = YES;
				CLANG_WARN_CONSTANT_CONVERSION = YES;
				CLANG_WARN_DEPRECATED_OBJC_IMPLEMENTATIONS = YES;
				CLANG_WARN_DIRECT_OBJC_ISA_USAGE = YES_ERROR;
				CLANG_WARN_DOCUMENTATION_COMMENTS = YES;
				CLANG_WARN_EMPTY_BODY = YES;
				CLANG_WARN_ENUM_CONVERSION = YES;
				CLANG_WARN_INFINITE_RECURSION = YES;
				CLANG_WARN_INT_CONVERSION = YES;
				CLANG_WARN_NON_LITERAL_NULL_CONVERSION = YES;
				CLANG_WARN_OBJC_IMPLICIT_RETAIN_SELF = YES;
				CLANG_WARN_OBJC_LITERAL_CONVERSION = YES;
				CLANG_WARN_OBJC_ROOT_CLASS = YES_ERROR;
				CLANG_WARN_RANGE_LOOP_ANALYSIS = YES;
				CLANG_WARN_STRICT_PROTOTYPES = YES;
				CLANG_WARN_SUSPICIOUS_MOVE = YES;
				CLANG_WARN_UNGUARDED_AVAILABILITY = YES_AGGRESSIVE;
				CLANG_WARN_UNREACHABLE_CODE = YES;
				CLANG_WARN__DUPLICATE_METHOD_MATCH = YES;
				COPY_PHASE_STRIP = NO;
				DEBUG_INFORMATION_FORMAT = "dwarf-with-dsym";
				ENABLE_NS_ASSERTIONS = NO;
				ENABLE_STRICT_OBJC_MSGSEND = YES;
				GCC_C_LANGUAGE_STANDARD = gnu11;
				GCC_NO_COMMON_BLOCKS = YES;
				GCC_WARN_64_TO_32_BIT_CONVERSION = YES;
				GCC_WARN_ABOUT_RETURN_TYPE = YES_ERROR;
				GCC_WARN_UNDECLARED_SELECTOR = YES;
				GCC_WARN_UNINITIALIZED_AUTOS = YES_AGGRESSIVE;
				GCC_WARN_UNUSED_FUNCTION = YES;
				GCC_WARN_UNUSED_VARIABLE = YES;
				IPHONEOS_DEPLOYMENT_TARGET = 13.4;
				MTL_ENABLE_DEBUG_INFO = NO;
				MTL_FAST_MATH = YES;
				SDKROOT = iphoneos;
				SWIFT_COMPILATION_MODE = wholemodule;
				SWIFT_OPTIMIZATION_LEVEL = "-O";
				VALIDATE_PRODUCT = YES;
			};
			name = Release;
		};
		7CBF545E27FB253D0050647D /* Debug */ = {
			isa = XCBuildConfiguration;
			buildSettings = {
				ASSETCATALOG_COMPILER_APPICON_NAME = AppIcon;
				CODE_SIGN_STYLE = Automatic;
				INFOPLIST_FILE = UITabBarController/Info.plist;
				LD_RUNPATH_SEARCH_PATHS = (
					"$(inherited)",
					"@executable_path/Frameworks",
				);
				PRODUCT_BUNDLE_IDENTIFIER = me.jingbin.ios.UITabBarController;
				PRODUCT_NAME = "$(TARGET_NAME)";
				SWIFT_VERSION = 5.0;
				TARGETED_DEVICE_FAMILY = "1,2";
			};
			name = Debug;
		};
		7CBF545F27FB253D0050647D /* Release */ = {
			isa = XCBuildConfiguration;
			buildSettings = {
				ASSETCATALOG_COMPILER_APPICON_NAME = AppIcon;
				CODE_SIGN_STYLE = Automatic;
				INFOPLIST_FILE = UITabBarController/Info.plist;
				LD_RUNPATH_SEARCH_PATHS = (
					"$(inherited)",
					"@executable_path/Frameworks",
				);
				PRODUCT_BUNDLE_IDENTIFIER = me.jingbin.ios.UITabBarController;
				PRODUCT_NAME = "$(TARGET_NAME)";
				SWIFT_VERSION = 5.0;
				TARGETED_DEVICE_FAMILY = "1,2";
			};
			name = Release;
		};
/* End XCBuildConfiguration section */

/* Begin XCConfigurationList section */
		7CBF544427FB253C0050647D /* Build configuration list for PBXProject "UITabBarController" */ = {
			isa = XCConfigurationList;
			buildConfigurations = (
				7CBF545B27FB253D0050647D /* Debug */,
				7CBF545C27FB253D0050647D /* Release */,
			);
			defaultConfigurationIsVisible = 0;
			defaultConfigurationName = Release;
		};
		7CBF545D27FB253D0050647D /* Build configuration list for PBXNativeTarget "UITabBarController" */ = {
			isa = XCConfigurationList;
			buildConfigurations = (
				7CBF545E27FB253D0050647D /* Debug */,
				7CBF545F27FB253D0050647D /* Release */,
			);
			defaultConfigurationIsVisible = 0;
			defaultConfigurationName = Release;
		};
/* End XCConfigurationList section */
	};
	rootObject = 7CBF544127FB253C0050647D /* Project object */;
}
