// !$*UTF8*$!
{
	archiveVersion = 1;
	classes = {
	};
	objectVersion = 50;
	objects = {

/* Begin PBXBuildFile section */
		7C161B0B27FC8CAA0069D514 /* ViewControllerTop.swift in Sources */ = {isa = PBXBuildFile; fileRef = 7C161B0A27FC8CAA0069D514 /* ViewControllerTop.swift */; };
		7C161B0D27FC8CB70069D514 /* ViewControllerHistory.swift in Sources */ = {isa = PBXBuildFile; fileRef = 7C161B0C27FC8CB70069D514 /* ViewControllerHistory.swift */; };
		7C161B18280278BF0069D514 /* home_selected.png in Resources */ = {isa = PBXBuildFile; fileRef = 7C161B16280278BF0069D514 /* home_selected.png */; };
		7C161B19280278BF0069D514 /* home.png in Resources */ = {isa = PBXBuildFile; fileRef = 7C161B17280278BF0069D514 /* home.png */; };
		7CBF544D27FB253C0050647D /* AppDelegate.swift in Sources */ = {isa = PBXBuildFile; fileRef = 7CBF544C27FB253C0050647D /* AppDelegate.swift */; };
		7CBF544F27FB253C0050647D /* SceneDelegate.swift in Sources */ = {isa = PBXBuildFile; fileRef = 7CBF544E27FB253C0050647D /* SceneDelegate.swift */; };
		7CBF545127FB253C0050647D /* ViewController.swift in Sources */ = {isa = PBXBuildFile; fileRef = 7CBF545027FB253C0050647D /* ViewController.swift */; };
		7CBF545427FB253C0050647D /* Main.storyboard in Resources */ = {isa = PBXBuildFile; fileRef = 7CBF545227FB253C0050647D /* Main.storyboard */; };
		7CBF545627FB253D0050647D /* Assets.xcassets in Resources */ = {isa = PBXBuildFile; fileRef = 7CBF545527FB253D0050647D /* Assets.xcassets */; };
		7CBF545927FB253D0050647D /* LaunchScreen.storyboard in Resources */ = {isa = PBXBuildFile; fileRef = 7CBF545727FB253D0050647D /* LaunchScreen.storyboard */; };
		7CBF546127FB29F80050647D /* ViewControllerOne.swift in Sources */ = {isa = PBXBuildFile; fileRef = 7CBF546027FB29F80050647D /* ViewControllerOne.swift */; };
		7CBF546327FB2A0A0050647D /* ViewControllerTwo.swift in Sources */ = {isa = PBXBuildFile; fileRef = 7CBF546227FB2A0A0050647D /* ViewControllerTwo.swift */; };
		7CBF546527FB2A140050647D /* ViewControllerThree.swift in Sources */ = {isa = PBXBuildFile; fileRef = 7CBF546427FB2A140050647D /* ViewControllerThree.swift */; };
		7CBF546727FB2A200050647D /* ViewControllerFour.swift in Sources */ = {isa = PBXBuildFile; fileRef = 7CBF546627FB2A200050647D /* ViewControllerFour.swift */; };
/* End PBXBuildFile section */

/* Begin PBXFileReference section */
		7C161B0A27FC8CAA0069D514 /* ViewControllerTop.swift */ = {isa = PBXFileReference; lastKnownFileType = sourcecode.swift; path = ViewControllerTop.swift; sourceTree = "<group>"; };
		7C161B0C27FC8CB70069D514 /* ViewControllerHistory.swift */ = {isa = PBXFileReference; lastKnownFileType = sourcecode.swift; path = ViewControllerHistory.swift; sourceTree = "<group>"; };
		7C161B16280278BF0069D514 /* home_selected.png */ = {isa = PBXFileReference; lastKnownFileType = image.png; name = home_selected.png; path = ../../../../../../../Downloads/home_selected.png; sourceTree = "<group>"; };
		7C161B17280278BF0069D514 /* home.png */ = {isa = PBXFileReference; lastKnownFileType = image.png; path = home.png; sourceTree = "<group>"; };
		7CBF544927FB253C0050647D /* UITabBarController.app */ = {isa = PBXFileReference; explicitFileType = wrapper.application; includeInIndex = 0; path = UITabBarController.app; sourceTree = BUILT_PRODUCTS_DIR; };
		7CBF544C27FB253C0050647D /* AppDelegate.swift */ = {isa = PBXFileReference; lastKnownFileType = sourcecode.swift; path = AppDelegate.swift; sourceTree = "<group>"; };
		7CBF544E27FB253C0050647D /* SceneDelegate.swift */ = {isa = PBXFileReference; lastKnownFileType = sourcecode.swift; path = SceneDelegate.swift; sourceTree = "<group>"; };
		7CBF545027FB253C0050647D /* ViewController.swift */ = {isa = PBXFileReference; lastKnownFileType = sourcecode.swift; path = ViewController.swift; sourceTree = "<group>"; };
		7CBF545327FB253C0050647D /* Base */ = {isa = PBXFileReference; lastKnownFileType = file.storyboard; name = Base; path = Base.lproj/Main.storyboard; sourceTree = "<group>"; };
		7CBF545527FB253D0050647D /* Assets.xcassets */ = {isa = PBXFileReference; lastKnownFileType = folder.assetcatalog; path = Assets.xcassets; sourceTree = "<group>"; };
		7CBF545827FB253D0050647D /* Base */ = {isa = PBXFileReference; lastKnownFileType = file.storyboard; name = Base; path = Base.lproj/LaunchScreen.storyboard; sourceTree = "<group>"; };
		7CBF545A27FB253D0050647D /* Info.plist */ = {isa = PBXFileReference; lastKnownFileType = text.plist.xml; path = Info.plist; sourceTree = "<group>"; };
		7CBF546027FB29F80050647D /* ViewControllerOne.swift */ = {isa = PBXFileReference; lastKnownFileType = sourcecode.swift; path = ViewControllerOne.swift; sourceTree = "<group>"; };
		7CBF546227FB2A0A0050647D /* ViewControllerTwo.swift */ = {isa = PBXFileReference; lastKnownFileType = sourcecode.swift; path = ViewControllerTwo.swift; sourceTree = "<group>"; };
		7CBF546427FB2A140050647D /* ViewControllerThree.swift */ = {isa = PBXFileReference; lastKnownFileType = sourcecode.swift; path = ViewControllerThree.swift; sourceTree = "<group>"; };
		7CBF546627FB2A200050647D /* ViewControllerFour.swift */ = {isa = PBXFileReference; lastKnownFileType = sourcecode.swift; path = ViewControllerFour.swift; sourceTree = "<group>"; };
/* End PBXFileReference section */

/* Begin PBXFrameworksBuildPhase section */
		7CBF544627FB253C0050647D /* Frameworks */ = {
			isa = PBXFrameworksBuildPhase;
			buildActionMask = 2147483647;
			files = (
			);
			runOnlyForDeploymentPostprocessing = 0;
		};
/* End PBXFrameworksBuildPhase section */

/* Begin PBXGroup section */
		7CBF544027FB253C0050647D = {
			isa = PBXGroup;
			children = (
				7CBF544B27FB253C0050647D /* UITabBarController */,
				7CBF544A27FB253C0050647D /* Products */,
			);
			sourceTree = "<group>";
		};
		7CBF544A27FB253C0050647D /* Products */ = {
			isa = PBXGroup;
			children = (
				7CBF544927FB253C0050647D /* UITabBarController.app */,
			);
			name = Products;
			sourceTree = "<group>";
		};
		7CBF544B27FB253C0050647D /* UITabBarController */ = {
			isa = PBXGroup;
			children = (
				7CBF544C27FB253C0050647D /* AppDelegate.swift */,
				7CBF544E27FB253C0050647D /* SceneDelegate.swift */,
				7CBF545027FB253C0050647D /* ViewController.swift */,
				7CBF545227FB253C0050647D /* Main.storyboard */,
				7CBF545527FB253D0050647D /* Assets.xcassets */,
				7C161B16280278BF0069D514 /* home_selected.png */,
				7C161B17280278BF0069D514 /* home.png */,
				7CBF545727FB253D0050647D /* LaunchScreen.storyboard */,
				7CBF545A27FB253D0050647D /* Info.plist */,
				7CBF546027FB29F80050647D /* ViewControllerOne.swift */,
				7CBF546227FB2A0A0050647D /* ViewControllerTwo.swift */,
				7CBF546427FB2A140050647D /* ViewControllerThree.swift */,
				7CBF546627FB2A200050647D /* ViewControllerFour.swift */,
				7C161B0A27FC8CAA0069D514 /* ViewControllerTop.swift */,
				7C161B0C27FC8CB70069D514 /* ViewControllerHistory.swift */,
			);
			path = UITabBarController;
			sourceTree = "<group>";
		};
/* End PBXGroup section */

/* Begin PBXNativeTarget section */
		7CBF544827FB253C0050647D /* UITabBarController */ = {
			isa = PBXNativeTarget;
			buildConfigurationList = 7CBF545D27FB253D0050647D /* Build configuration list for PBXNativeTarget "UITabBarController" */;
			buildPhases = (
				7CBF544527FB253C0050647D /* Sources */,
				7CBF544627FB253C0050647D /* Frameworks */,
				7CBF544727FB253C0050647D /* Resources */,
			);
			buildRules = (
			);
			dependencies = (
			);
			name = UITabBarController;
			productName = UITabBarController;
			productReference = 7CBF544927FB253C0050647D /* UITabBarController.app */;
			productType = "com.apple.product-type.application";
		};
/* End PBXNativeTarget section */

/* Begin PBXProject section */
		7CBF544127FB253C0050647D /* Project object */ = {
			isa = PBXProject;
			attributes = {
				LastSwiftUpdateCheck = 1140;
				LastUpgradeCheck = 1140;
				ORGANIZATIONNAME = "景彬";
				TargetAttributes = {
					7CBF544827FB253C0050647D = {
						CreatedOnToolsVersion = 11.4.1;
					};
				};
			};
			buildConfigurationList = 7CBF544427FB253C0050647D /* Build configuration list for PBXProject "UITabBarController" */;
			compatibilityVersion = "Xcode 9.3";
			developmentRegion = en;
			hasScannedForEncodings = 0;
			knownRegions = (
				en,
				Base,
			);
			mainGroup = 7CBF544027FB253C0050647D;
			productRefGroup = 7CBF544A27FB253C0050647D /* Products */;
			projectDirPath = "";
			projectRoot = "";
			targets = (
				7CBF544827FB253C0050647D /* UITabBarController */,
			);
		};
/* End PBXProject section */

/* Begin PBXResourcesBuildPhase section */
		7CBF544727FB253C0050647D /* Resources */ = {
			isa = PBXResourcesBuildPhase;
			buildActionMask = 2147483647;
			files = (
				7CBF545927FB253D0050647D /* LaunchScreen.storyboard in Resources */,
				7C161B19280278BF0069D514 /* home.png in Resources */,
				7C161B18280278BF0069D514 /* home_selected.png in Resources */,
				7CBF545627FB253D0050647D /* Assets.xcassets in Resources */,
				7CBF545427FB253C0050647D /* Main.storyboard in Resources */,
			);
			runOnlyForDeploymentPostprocessing = 0;
		};
/* End PBXResourcesBuildPhase section */

/* Begin PBXSourcesBuildPhase section */
		7CBF544527FB253C0050647D /* Sources */ = {
			isa = PBXSourcesBuildPhase;
			buildActionMask = 2147483647;
			files = (
				7CBF546327FB2A0A0050647D /* ViewControllerTwo.swift in Sources */,
				7C161B0D27FC8CB70069D514 /* ViewControllerHistory.swift in Sources */,
				7CBF546527FB2A140050647D /* ViewControllerThree.swift in Sources */,
				7CBF545127FB253C0050647D /* ViewController.swift in Sources */,
				7CBF544D27FB253C0050647D /* AppDelegate.swift in Sources */,
				7C161B0B27FC8CAA0069D514 /* ViewControllerTop.swift in Sources */,
				7CBF544F27FB253C0050647D /* SceneDelegate.swift in Sources */,
				7CBF546727FB2A200050647D /* ViewControllerFour.swift in Sources */,
				7CBF546127FB29F80050647D /* ViewControllerOne.swift in Sources */,
			);
			runOnlyForDeploymentPostprocessing = 0;
		};
/* End PBXSourcesBuildPhase section */

/* Begin PBXVariantGroup section */
		7CBF545227FB253C0050647D /* Main.storyboard */ = {
			isa = PBXVariantGroup;
			children = (
				7CBF545327FB253C0050647D /* Base */,
			);
			name = Main.storyboard;
			sourceTree = "<group>";
		};
		7CBF545727FB253D0050647D /* LaunchScreen.storyboard */ = {
			isa = PBXVariantGroup;
			children = (
				7CBF545827FB253D0050647D /* Base */,
			);
			name = LaunchScreen.storyboard;
			sourceTree = "<group>";
		};
/* End PBXVariantGroup section */

/* Begin XCBuildConfiguration section */
		7CBF545B27FB253D0050647D /* Debug */ = {
			isa = XCBuildConfiguration;
			buildSettings = {
				ALWAYS_SEARCH_USER_PATHS = NO;
				CLANG_ANALYZER_NONNULL = YES;
				CLANG_ANALYZER_NUMBER_OBJECT_CONVERSION = YES_AGGRESSIVE;
				CLANG_CXX_LANGUAGE_STANDARD = "gnu++14";
				CLANG_CXX_LIBRARY = "libc++";
				CLANG_ENABLE_MODULES = YES;
				CLANG_ENABLE_OBJC_ARC = YES;
				CLANG_ENABLE_OBJC_WEAK = YES;
				CLANG_WARN_BLOCK_CAPTURE_AUTORELEASING = YES;
				CLANG_WARN_BOOL_CONVERSION = YES;
				CLANG_WARN_COMMA = YES;
				CLANG_WARN_CONSTANT_CONVERSION = YES;
				CLANG_WARN_DEPRECATED_OBJC_IMPLEMENTATIONS = YES;
				CLANG_WARN_DIRECT_OBJC_ISA_USAGE = YES_ERROR;
				CLANG_WARN_DOCUMENTATION_COMMENTS = YES;
				CLANG_WARN_EMPTY_BODY = YES;
				CLANG_WARN_ENUM_CONVERSION = YES;
				CLANG_WARN_INFINITE_RECURSION = YES;
				CLANG_WARN_INT_CONVERSION = YES;
				CLANG_WARN_NON_LITERAL_NULL_CONVERSION = YES;
				CLANG_WARN_OBJC_IMPLICIT_RETAIN_SELF = YES;
				CLANG_WARN_OBJC_LITERAL_CONVERSION = YES;
				CLANG_WARN_OBJC_ROOT_CLASS = YES_ERROR;
				CLANG_WARN_RANGE_LOOP_ANALYSIS = YES;
				CLANG_WARN_STRICT_PROTOTYPES = YES;
				CLANG_WARN_SUSPICIOUS_MOVE = YES;
				CLANG_WARN_UNGUARDED_AVAILABILITY = YES_AGGRESSIVE;
				CLANG_WARN_UNREACHABLE_CODE = YES;
				CLANG_WARN__DUPLICATE_METHOD_MATCH = YES;
				COPY_PHASE_STRIP = NO;
				DEBUG_INFORMATION_FORMAT = dwarf;
				ENABLE_STRICT_OBJC_MSGSEND = YES;
				ENABLE_TESTABILITY = YES;
				GCC_C_LANGUAGE_STANDARD = gnu11;
				GCC_DYNAMIC_NO_PIC = NO;
				GCC_NO_COMMON_BLOCKS = YES;
				GCC_OPTIMIZATION_LEVEL = 0;
				GCC_PREPROCESSOR_DEFINITIONS = (
					"DEBUG=1",
					"$(inherited)",
				);
				GCC_WARN_64_TO_32_BIT_CONVERSION = YES;
				GCC_WARN_ABOUT_RETURN_TYPE = YES_ERROR;
				GCC_WARN_UNDECLARED_SELECTOR = YES;
				GCC_WARN_UNINITIALIZED_AUTOS = YES_AGGRESSIVE;
				GCC_WARN_UNUSED_FUNCTION = YES;
				GCC_WARN_UNUSED_VARIABLE = YES;
				IPHONEOS_DEPLOYMENT_TARGET = 13.4;
				MTL_ENABLE_DEBUG_INFO = INCLUDE_SOURCE;
				MTL_FAST_MATH = YES;
				ONLY_ACTIVE_ARCH = YES;
				SDKROOT = iphoneos;
				SWIFT_ACTIVE_COMPILATION_CONDITIONS = DEBUG;
				SWIFT_OPTIMIZATION_LEVEL = "-Onone";
			};
			name = Debug;
		};
		7CBF545C27FB253D0050647D /* Release */ = {
			isa = XCBuildConfiguration;
			buildSettings = {
				ALWAYS_SEARCH_USER_PATHS = NO;
				CLANG_ANALYZER_NONNULL = YES;
				CLANG_ANALYZER_NUMBER_OBJECT_CONVERSION = YES_AGGRESSIVE;
				CLANG_CXX_LANGUAGE_STANDARD = "gnu++14";
				CLANG_CXX_LIBRARY = "libc++";
				CLANG_ENABLE_MODULES = YES;
				CLANG_ENABLE_OBJC_ARC = YES;
				CLANG_ENABLE_OBJC_WEAK = YES;
				CLANG_WARN_BLOCK_CAPTURE_AUTORELEASING = YES;
				CLANG_WARN_BOOL_CONVERSION = YES;
				CLANG_WARN_COMMA = YES;
				CLANG_WARN_CONSTANT_CONVERSION = YES;
				CLANG_WARN_DEPRECATED_OBJC_IMPLEMENTATIONS = YES;
				CLANG_WARN_DIRECT_OBJC_ISA_USAGE = YES_ERROR;
				CLANG_WARN_DOCUMENTATION_COMMENTS = YES;
				CLANG_WARN_EMPTY_BODY = YES;
				CLANG_WARN_ENUM_CONVERSION = YES;
				CLANG_WARN_INFINITE_RECURSION = YES;
				CLANG_WARN_INT_CONVERSION = YES;
				CLANG_WARN_NON_LITERAL_NULL_CONVERSION = YES;
				CLANG_WARN_OBJC_IMPLICIT_RETAIN_SELF = YES;
				CLANG_WARN_OBJC_LITERAL_CONVERSION = YES;
				CLANG_WARN_OBJC_ROOT_CLASS = YES_ERROR;
				CLANG_WARN_RANGE_LOOP_ANALYSIS = YES;
				CLANG_WARN_STRICT_PROTOTYPES = YES;
				CLANG_WARN_SUSPICIOUS_MOVE = YES;
				CLANG_WARN_UNGUARDED_AVAILABILITY = YES_AGGRESSIVE;
				CLANG_WARN_UNREACHABLE_CODE = YES;
				CLANG_WARN__DUPLICATE_METHOD_MATCH = YES;
				COPY_PHASE_STRIP = NO;
				DEBUG_INFORMATION_FORMAT = "dwarf-with-dsym";
				ENABLE_NS_ASSERTIONS = NO;
				ENABLE_STRICT_OBJC_MSGSEND = YES;
				GCC_C_LANGUAGE_STANDARD = gnu11;
				GCC_NO_COMMON_BLOCKS = YES;
				GCC_WARN_64_TO_32_BIT_CONVERSION = YES;
				GCC_WARN_ABOUT_RETURN_TYPE = YES_ERROR;
				GCC_WARN_UNDECLARED_SELECTOR = YES;
				GCC_WARN_UNINITIALIZED_AUTOS = YES_AGGRESSIVE;
				GCC_WARN_UNUSED_FUNCTION = YES;
				GCC_WARN_UNUSED_VARIABLE = YES;
				IPHONEOS_DEPLOYMENT_TARGET = 13.4;
				MTL_ENABLE_DEBUG_INFO = NO;
				MTL_FAST_MATH = YES;
				SDKROOT = iphoneos;
				SWIFT_COMPILATION_MODE = wholemodule;
				SWIFT_OPTIMIZATION_LEVEL = "-O";
				VALIDATE_PRODUCT = YES;
			};
			name = Release;
		};
		7CBF545E27FB253D0050647D /* Debug */ = {
			isa = XCBuildConfiguration;
			buildSettings = {
				ASSETCATALOG_COMPILER_APPICON_NAME = AppIcon;
				CODE_SIGN_STYLE = Automatic;
				INFOPLIST_FILE = UITabBarController/Info.plist;
				LD_RUNPATH_SEARCH_PATHS = (
					"$(inherited)",
					"@executable_path/Frameworks",
				);
				PRODUCT_BUNDLE_IDENTIFIER = me.jingbin.ios.UITabBarController;
				PRODUCT_NAME = "$(TARGET_NAME)";
				SWIFT_VERSION = 5.0;
				TARGETED_DEVICE_FAMILY = "1,2";
			};
			name = Debug;
		};
		7CBF545F27FB253D0050647D /* Release */ = {
			isa = XCBuildConfiguration;
			buildSettings = {
				ASSETCATALOG_COMPILER_APPICON_NAME = AppIcon;
				CODE_SIGN_STYLE = Automatic;
				INFOPLIST_FILE = UITabBarController/Info.plist;
				LD_RUNPATH_SEARCH_PATHS = (
					"$(inherited)",
					"@executable_path/Frameworks",
				);
				PRODUCT_BUNDLE_IDENTIFIER = me.jingbin.ios.UITabBarController;
				PRODUCT_NAME = "$(TARGET_NAME)";
				SWIFT_VERSION = 5.0;
				TARGETED_DEVICE_FAMILY = "1,2";
			};
			name = Release;
		};
/* End XCBuildConfiguration section */

/* Begin XCConfigurationList section */
		7CBF544427FB253C0050647D /* Build configuration list for PBXProject "UITabBarController" */ = {
			isa = XCConfigurationList;
			buildConfigurations = (
				7CBF545B27FB253D0050647D /* Debug */,
				7CBF545C27FB253D0050647D /* Release */,
			);
			defaultConfigurationIsVisible = 0;
			defaultConfigurationName = Release;
		};
		7CBF545D27FB253D0050647D /* Build configuration list for PBXNativeTarget "UITabBarController" */ = {
			isa = XCConfigurationList;
			buildConfigurations = (
				7CBF545E27FB253D0050647D /* Debug */,
				7CBF545F27FB253D0050647D /* Release */,
			);
			defaultConfigurationIsVisible = 0;
			defaultConfigurationName = Release;
		};
/* End XCConfigurationList section */
	};
	rootObject = 7CBF544127FB253C0050647D /* Project object */;
}
